
Microsoft Visual Studio Solution File, Format Version 12.00
# Visual Studio Version 17
VisualStudioVersion = 17.13.35931.197 d17.13
MinimumVisualStudioVersion = 10.0.40219.1
Project("{FAE04EC0-301F-11D3-BF4B-00C04F79EFBC}") = "CRUDPurchaseCRUDVendor", "CRUDPurchaseCRUDVendor.csproj", "{1DEB9F35-97F8-4418-AA1F-1CC34936AFC4}"
EndProject
Global
	GlobalSection(SolutionConfigurationPlatforms) = preSolution
		Debug|Any CPU = Debug|Any CPU
		Release|Any CPU = Release|Any CPU
	EndGlobalSection
	GlobalSection(ProjectConfigurationPlatforms) = postSolution
		{1DEB9F35-97F8-4418-AA1F-1CC34936AFC4}.Debug|Any CPU.ActiveCfg = Debug|Any CPU
		{1DEB9F35-97F8-4418-AA1F-1CC34936AFC4}.Debug|Any CPU.Build.0 = Debug|Any CPU
		{1DEB9F35-97F8-4418-AA1F-1CC34936AFC4}.Release|Any CPU.ActiveCfg = Release|Any CPU
		{1DEB9F35-97F8-4418-AA1F-1CC34936AFC4}.Release|Any CPU.Build.0 = Release|Any CPU
	EndGlobalSection
	GlobalSection(SolutionProperties) = preSolution
		HideSolutionNode = FALSE
	EndGlobalSection
	GlobalSection(ExtensibilityGlobals) = postSolution
		SolutionGuid = {1BBD0097-E12D-4607-A616-944F80C01349}
	EndGlobalSection
EndGlobal
