
Microsoft Visual Studio Solution File, Format Version 12.00
# Visual Studio Version 18
VisualStudioVersion = 18.3.11520.95
MinimumVisualStudioVersion = 10.0.40219.1
Project("{FAE04EC0-301F-11D3-BF4B-00C04F79EFBC}") = "CRUDPurchaseCRUDVendor", "CRUDPurchaseCRUDVendor.csproj", "{1DEB9F35-97F8-4418-AA1F-1CC34936AFC4}"
EndProject
Project("{FAE04EC0-301F-11D3-BF4B-00C04F79EFBC}") = "PurchaseVendorDataService", "PurchaseVendorDataService\PurchaseVendorDataService.csproj", "{F5924636-E3B8-47B7-AF1A-0D3F3F5AE4E1}"
EndProject
Project("{FAE04EC0-301F-11D3-BF4B-00C04F79EFBC}") = "PurchaseVendorModels", "PurchaseVendorModels\PurchaseVendorModels.csproj", "{B53779DD-AEAA-4D57-B997-DB465C0CA872}"
EndProject
Project("{FAE04EC0-301F-11D3-BF4B-00C04F79EFBC}") = "PurchaseVendorAppService", "PurchaseVendorAppService\PurchaseVendorAppService.csproj", "{D953BD52-46D0-4150-BF8E-EC30B3A1EC2E}"
EndProject
Global
	GlobalSection(SolutionConfigurationPlatforms) = preSolution
		Debug|Any CPU = Debug|Any CPU
		Release|Any CPU = Release|Any CPU
	EndGlobalSection
	GlobalSection(ProjectConfigurationPlatforms) = postSolution
		{1DEB9F35-97F8-4418-AA1F-1CC34936AFC4}.Debug|Any CPU.ActiveCfg = Debug|Any CPU
		{1DEB9F35-97F8-4418-AA1F-1CC34936AFC4}.Debug|Any CPU.Build.0 = Debug|Any CPU
		{1DEB9F35-97F8-4418-AA1F-1CC34936AFC4}.Release|Any CPU.ActiveCfg = Release|Any CPU
		{1DEB9F35-97F8-4418-AA1F-1CC34936AFC4}.Release|Any CPU.Build.0 = Release|Any CPU
		{F5924636-E3B8-47B7-AF1A-0D3F3F5AE4E1}.Debug|Any CPU.ActiveCfg = Debug|Any CPU
		{F5924636-E3B8-47B7-AF1A-0D3F3F5AE4E1}.Debug|Any CPU.Build.0 = Debug|Any CPU
		{F5924636-E3B8-47B7-AF1A-0D3F3F5AE4E1}.Release|Any CPU.ActiveCfg = Release|Any CPU
		{F5924636-E3B8-47B7-AF1A-0D3F3F5AE4E1}.Release|Any CPU.Build.0 = Release|Any CPU
		{B53779DD-AEAA-4D57-B997-DB465C0CA872}.Debug|Any CPU.ActiveCfg = Debug|Any CPU
		{B53779DD-AEAA-4D57-B997-DB465C0CA872}.Debug|Any CPU.Build.0 = Debug|Any CPU
		{B53779DD-AEAA-4D57-B997-DB465C0CA872}.Release|Any CPU.ActiveCfg = Release|Any CPU
		{B53779DD-AEAA-4D57-B997-DB465C0CA872}.Release|Any CPU.Build.0 = Release|Any CPU
		{D953BD52-46D0-4150-BF8E-EC30B3A1EC2E}.Debug|Any CPU.ActiveCfg = Debug|Any CPU
		{D953BD52-46D0-4150-BF8E-EC30B3A1EC2E}.Debug|Any CPU.Build.0 = Debug|Any CPU
		{D953BD52-46D0-4150-BF8E-EC30B3A1EC2E}.Release|Any CPU.ActiveCfg = Release|Any CPU
		{D953BD52-46D0-4150-BF8E-EC30B3A1EC2E}.Release|Any CPU.Build.0 = Release|Any CPU
	EndGlobalSection
	GlobalSection(SolutionProperties) = preSolution
		HideSolutionNode = FALSE
	EndGlobalSection
	GlobalSection(ExtensibilityGlobals) = postSolution
		SolutionGuid = {1BBD0097-E12D-4607-A616-944F80C01349}
	EndGlobalSection
EndGlobal
